
Microsoft Visual Studio Solution File, Format Version 12.00
# Visual Studio Version 17
VisualStudioVersion = 17.8.34330.188
MinimumVisualStudioVersion = 10.0.40219.1
Project("{FAE04EC0-301F-11D3-BF4B-00C04F79EFBC}") = "ReactCoreRegisterationPage.Server", "ReactCoreRegisterationPage.Server\ReactCoreRegisterationPage.Server.csproj", "{7D50CE51-5BC3-4997-A625-E3B082140634}"
EndProject
Project("{54A90642-561A-4BB1-A94E-469ADEE60C69}") = "reactcoreregisterationpage.client", "reactcoreregisterationpage.client\reactcoreregisterationpage.client.esproj", "{00A46B13-E675-4018-8984-6F7EB19B7288}"
EndProject
Global
	GlobalSection(SolutionConfigurationPlatforms) = preSolution
		Debug|Any CPU = Debug|Any CPU
		Release|Any CPU = Release|Any CPU
	EndGlobalSection
	GlobalSection(ProjectConfigurationPlatforms) = postSolution
		{7D50CE51-5BC3-4997-A625-E3B082140634}.Debug|Any CPU.ActiveCfg = Debug|Any CPU
		{7D50CE51-5BC3-4997-A625-E3B082140634}.Debug|Any CPU.Build.0 = Debug|Any CPU
		{7D50CE51-5BC3-4997-A625-E3B082140634}.Release|Any CPU.ActiveCfg = Release|Any CPU
		{7D50CE51-5BC3-4997-A625-E3B082140634}.Release|Any CPU.Build.0 = Release|Any CPU
		{00A46B13-E675-4018-8984-6F7EB19B7288}.Debug|Any CPU.ActiveCfg = Debug|Any CPU
		{00A46B13-E675-4018-8984-6F7EB19B7288}.Debug|Any CPU.Build.0 = Debug|Any CPU
		{00A46B13-E675-4018-8984-6F7EB19B7288}.Debug|Any CPU.Deploy.0 = Debug|Any CPU
		{00A46B13-E675-4018-8984-6F7EB19B7288}.Release|Any CPU.ActiveCfg = Release|Any CPU
		{00A46B13-E675-4018-8984-6F7EB19B7288}.Release|Any CPU.Build.0 = Release|Any CPU
		{00A46B13-E675-4018-8984-6F7EB19B7288}.Release|Any CPU.Deploy.0 = Release|Any CPU
	EndGlobalSection
	GlobalSection(SolutionProperties) = preSolution
		HideSolutionNode = FALSE
	EndGlobalSection
	GlobalSection(ExtensibilityGlobals) = postSolution
		SolutionGuid = {F3C3A8BF-C2B1-46FB-83C3-D02B5F836ACC}
	EndGlobalSection
EndGlobal
